<Solution>
  <Folder Name="/src/">
    <Project Path="src/PalworldServerManager.Core/PalworldServerManager.Core.csproj" />
    <Project Path="src/PalworldServerManager.Web/PalworldServerManager.Web.csproj" />
  </Folder>
  <Folder Name="/tests/">
    <Project Path="tests/PalworldServerManager.Core.Tests/PalworldServerManager.Core.Tests.csproj" />
  </Folder>
</Solution>
